// !$*UTF8*$!
{
	archiveVersion = 1;
	classes = {
	};
	objectVersion = 55;
	objects = {

/* Begin PBXBuildFile section */
		1A0CD71728981E3B003B7324 /* InvernaderosPimientoViewController.swift in Sources */ = {isa = PBXBuildFile; fileRef = 1A0CD71628981E3B003B7324 /* InvernaderosPimientoViewController.swift */; };
		1A666FA72860D0E8008EDB85 /* InvernaderosViewController.swift in Sources */ = {isa = PBXBuildFile; fileRef = 1A666FA62860D0E8008EDB85 /* InvernaderosViewController.swift */; };
		1A6E0AF3285900B000509678 /* AppDelegate.swift in Sources */ = {isa = PBXBuildFile; fileRef = 1A6E0AF2285900B000509678 /* AppDelegate.swift */; };
		1A6E0AF5285900B000509678 /* SceneDelegate.swift in Sources */ = {isa = PBXBuildFile; fileRef = 1A6E0AF4285900B000509678 /* SceneDelegate.swift */; };
		1A6E0AF7285900B000509678 /* ViewController.swift in Sources */ = {isa = PBXBuildFile; fileRef = 1A6E0AF6285900B000509678 /* ViewController.swift */; };
		1A6E0AFA285900B000509678 /* Main.storyboard in Resources */ = {isa = PBXBuildFile; fileRef = 1A6E0AF8285900B000509678 /* Main.storyboard */; };
		1A6E0AFF285900C200509678 /* LaunchScreen.storyboard in Resources */ = {isa = PBXBuildFile; fileRef = 1A6E0AFD285900C200509678 /* LaunchScreen.storyboard */; };
		1A6E0B0A2859146300509678 /* Assets.xcassets in Resources */ = {isa = PBXBuildFile; fileRef = 1A6E0B092859146200509678 /* Assets.xcassets */; };
		1A8EE68428931B0E006F05B4 /* GraficasPimientoViewController.swift in Sources */ = {isa = PBXBuildFile; fileRef = 1A8EE68328931B0E006F05B4 /* GraficasPimientoViewController.swift */; };
		1A8EE68628933F04006F05B4 /* GraficasPimientoColorViewController.swift in Sources */ = {isa = PBXBuildFile; fileRef = 1A8EE68528933F04006F05B4 /* GraficasPimientoColorViewController.swift */; };
		1A9769BC285A5B07002CE7E5 /* GraficasViewController.swift in Sources */ = {isa = PBXBuildFile; fileRef = 1A9769BB285A5B07002CE7E5 /* GraficasViewController.swift */; };
		3735CC116FA5D1DB5DE237D0 /* Pods_Agrizar_informes.framework in Frameworks */ = {isa = PBXBuildFile; fileRef = 77C31E4160C672A48E6DF8D6 /* Pods_Agrizar_informes.framework */; };
/* End PBXBuildFile section */

/* Begin PBXFileReference section */
		1A0CD71628981E3B003B7324 /* InvernaderosPimientoViewController.swift */ = {isa = PBXFileReference; lastKnownFileType = sourcecode.swift; path = InvernaderosPimientoViewController.swift; sourceTree = "<group>"; };
		1A666FA62860D0E8008EDB85 /* InvernaderosViewController.swift */ = {isa = PBXFileReference; lastKnownFileType = sourcecode.swift; path = InvernaderosViewController.swift; sourceTree = "<group>"; };
		1A6E0AEF285900B000509678 /* Agrizar-informes.app */ = {isa = PBXFileReference; explicitFileType = wrapper.application; includeInIndex = 0; path = "Agrizar-informes.app"; sourceTree = BUILT_PRODUCTS_DIR; };
		1A6E0AF2285900B000509678 /* AppDelegate.swift */ = {isa = PBXFileReference; lastKnownFileType = sourcecode.swift; path = AppDelegate.swift; sourceTree = "<group>"; };
		1A6E0AF4285900B000509678 /* SceneDelegate.swift */ = {isa = PBXFileReference; lastKnownFileType = sourcecode.swift; path = SceneDelegate.swift; sourceTree = "<group>"; };
		1A6E0AF6285900B000509678 /* ViewController.swift */ = {isa = PBXFileReference; lastKnownFileType = sourcecode.swift; path = ViewController.swift; sourceTree = "<group>"; };
		1A6E0AF9285900B000509678 /* Base */ = {isa = PBXFileReference; lastKnownFileType = file.storyboard; name = Base; path = Base.lproj/Main.storyboard; sourceTree = "<group>"; };
		1A6E0AFE285900C200509678 /* Base */ = {isa = PBXFileReference; lastKnownFileType = file.storyboard; name = Base; path = Base.lproj/LaunchScreen.storyboard; sourceTree = "<group>"; };
		1A6E0B00285900C200509678 /* Info.plist */ = {isa = PBXFileReference; lastKnownFileType = text.plist.xml; path = Info.plist; sourceTree = "<group>"; };
		1A6E0B092859146200509678 /* Assets.xcassets */ = {isa = PBXFileReference; lastKnownFileType = folder.assetcatalog; path = Assets.xcassets; sourceTree = "<group>"; };
		1A8EE68328931B0E006F05B4 /* GraficasPimientoViewController.swift */ = {isa = PBXFileReference; lastKnownFileType = sourcecode.swift; path = GraficasPimientoViewController.swift; sourceTree = "<group>"; };
		1A8EE68528933F04006F05B4 /* GraficasPimientoColorViewController.swift */ = {isa = PBXFileReference; lastKnownFileType = sourcecode.swift; path = GraficasPimientoColorViewController.swift; sourceTree = "<group>"; };
		1A9769BB285A5B07002CE7E5 /* GraficasViewController.swift */ = {isa = PBXFileReference; lastKnownFileType = sourcecode.swift; path = GraficasViewController.swift; sourceTree = "<group>"; };
		77C31E4160C672A48E6DF8D6 /* Pods_Agrizar_informes.framework */ = {isa = PBXFileReference; explicitFileType = wrapper.framework; includeInIndex = 0; path = Pods_Agrizar_informes.framework; sourceTree = BUILT_PRODUCTS_DIR; };
		81AA53BFA8FFC2C71402CAC9 /* Pods-Agrizar-informes.debug.xcconfig */ = {isa = PBXFileReference; includeInIndex = 1; lastKnownFileType = text.xcconfig; name = "Pods-Agrizar-informes.debug.xcconfig"; path = "Target Support Files/Pods-Agrizar-informes/Pods-Agrizar-informes.debug.xcconfig"; sourceTree = "<group>"; };
		DF13040233A8953ABEBCBCC6 /* Pods-Agrizar-informes.release.xcconfig */ = {isa = PBXFileReference; includeInIndex = 1; lastKnownFileType = text.xcconfig; name = "Pods-Agrizar-informes.release.xcconfig"; path = "Target Support Files/Pods-Agrizar-informes/Pods-Agrizar-informes.release.xcconfig"; sourceTree = "<group>"; };
/* End PBXFileReference section */

/* Begin PBXFrameworksBuildPhase section */
		1A6E0AEC285900B000509678 /* Frameworks */ = {
			isa = PBXFrameworksBuildPhase;
			buildActionMask = 2147483647;
			files = (
				3735CC116FA5D1DB5DE237D0 /* Pods_Agrizar_informes.framework in Frameworks */,
			);
			runOnlyForDeploymentPostprocessing = 0;
		};
/* End PBXFrameworksBuildPhase section */

/* Begin PBXGroup section */
		1A6E0AE6285900AF00509678 = {
			isa = PBXGroup;
			children = (
				1A6E0AF1285900B000509678 /* Agrizar-informes */,
				1A6E0AF0285900B000509678 /* Products */,
				45418E678D2DBCF810D7F1B0 /* Pods */,
				572605CEB8B8B8DF15FB0695 /* Frameworks */,
			);
			sourceTree = "<group>";
		};
		1A6E0AF0285900B000509678 /* Products */ = {
			isa = PBXGroup;
			children = (
				1A6E0AEF285900B000509678 /* Agrizar-informes.app */,
			);
			name = Products;
			sourceTree = "<group>";
		};
		1A6E0AF1285900B000509678 /* Agrizar-informes */ = {
			isa = PBXGroup;
			children = (
				1A6E0AF2285900B000509678 /* AppDelegate.swift */,
				1A6E0AF4285900B000509678 /* SceneDelegate.swift */,
				1A6E0AF6285900B000509678 /* ViewController.swift */,
				1A6E0AF8285900B000509678 /* Main.storyboard */,
				1A6E0AFD285900C200509678 /* LaunchScreen.storyboard */,
				1A6E0B00285900C200509678 /* Info.plist */,
				1A6E0B092859146200509678 /* Assets.xcassets */,
				1A9769BB285A5B07002CE7E5 /* GraficasViewController.swift */,
				1A666FA62860D0E8008EDB85 /* InvernaderosViewController.swift */,
				1A8EE68328931B0E006F05B4 /* GraficasPimientoViewController.swift */,
				1A8EE68528933F04006F05B4 /* GraficasPimientoColorViewController.swift */,
				1A0CD71628981E3B003B7324 /* InvernaderosPimientoViewController.swift */,
			);
			path = "Agrizar-informes";
			sourceTree = "<group>";
		};
		45418E678D2DBCF810D7F1B0 /* Pods */ = {
			isa = PBXGroup;
			children = (
				81AA53BFA8FFC2C71402CAC9 /* Pods-Agrizar-informes.debug.xcconfig */,
				DF13040233A8953ABEBCBCC6 /* Pods-Agrizar-informes.release.xcconfig */,
			);
			path = Pods;
			sourceTree = "<group>";
		};
		572605CEB8B8B8DF15FB0695 /* Frameworks */ = {
			isa = PBXGroup;
			children = (
				77C31E4160C672A48E6DF8D6 /* Pods_Agrizar_informes.framework */,
			);
			name = Frameworks;
			sourceTree = "<group>";
		};
/* End PBXGroup section */

/* Begin PBXNativeTarget section */
		1A6E0AEE285900B000509678 /* Agrizar-informes */ = {
			isa = PBXNativeTarget;
			buildConfigurationList = 1A6E0B03285900C200509678 /* Build configuration list for PBXNativeTarget "Agrizar-informes" */;
			buildPhases = (
				AEF5498E095D1823A9EB0E05 /* [CP] Check Pods Manifest.lock */,
				1A6E0AEB285900B000509678 /* Sources */,
				1A6E0AEC285900B000509678 /* Frameworks */,
				1A6E0AED285900B000509678 /* Resources */,
				37BCDC1A0B7BB8A0CD6D82D7 /* [CP] Embed Pods Frameworks */,
			);
			buildRules = (
			);
			dependencies = (
			);
			name = "Agrizar-informes";
			productName = "Agrizar-informes";
			productReference = 1A6E0AEF285900B000509678 /* Agrizar-informes.app */;
			productType = "com.apple.product-type.application";
		};
/* End PBXNativeTarget section */

/* Begin PBXProject section */
		1A6E0AE7285900AF00509678 /* Project object */ = {
			isa = PBXProject;
			attributes = {
				BuildIndependentTargetsInParallel = 1;
				LastSwiftUpdateCheck = 1330;
				LastUpgradeCheck = 1330;
				TargetAttributes = {
					1A6E0AEE285900B000509678 = {
						CreatedOnToolsVersion = 13.3.1;
					};
				};
			};
			buildConfigurationList = 1A6E0AEA285900AF00509678 /* Build configuration list for PBXProject "Agrizar-informes" */;
			compatibilityVersion = "Xcode 13.0";
			developmentRegion = en;
			hasScannedForEncodings = 0;
			knownRegions = (
				en,
				Base,
			);
			mainGroup = 1A6E0AE6285900AF00509678;
			productRefGroup = 1A6E0AF0285900B000509678 /* Products */;
			projectDirPath = "";
			projectRoot = "";
			targets = (
				1A6E0AEE285900B000509678 /* Agrizar-informes */,
			);
		};
/* End PBXProject section */

/* Begin PBXResourcesBuildPhase section */
		1A6E0AED285900B000509678 /* Resources */ = {
			isa = PBXResourcesBuildPhase;
			buildActionMask = 2147483647;
			files = (
				1A6E0AFF285900C200509678 /* LaunchScreen.storyboard in Resources */,
				1A6E0B0A2859146300509678 /* Assets.xcassets in Resources */,
				1A6E0AFA285900B000509678 /* Main.storyboard in Resources */,
			);
			runOnlyForDeploymentPostprocessing = 0;
		};
/* End PBXResourcesBuildPhase section */

/* Begin PBXShellScriptBuildPhase section */
		37BCDC1A0B7BB8A0CD6D82D7 /* [CP] Embed Pods Frameworks */ = {
			isa = PBXShellScriptBuildPhase;
			buildActionMask = 2147483647;
			files = (
			);
			inputFileListPaths = (
				"${PODS_ROOT}/Target Support Files/Pods-Agrizar-informes/Pods-Agrizar-informes-frameworks-${CONFIGURATION}-input-files.xcfilelist",
			);
			name = "[CP] Embed Pods Frameworks";
			outputFileListPaths = (
				"${PODS_ROOT}/Target Support Files/Pods-Agrizar-informes/Pods-Agrizar-informes-frameworks-${CONFIGURATION}-output-files.xcfilelist",
			);
			runOnlyForDeploymentPostprocessing = 0;
			shellPath = /bin/sh;
			shellScript = "\"${PODS_ROOT}/Target Support Files/Pods-Agrizar-informes/Pods-Agrizar-informes-frameworks.sh\"\n";
			showEnvVarsInLog = 0;
		};
		AEF5498E095D1823A9EB0E05 /* [CP] Check Pods Manifest.lock */ = {
			isa = PBXShellScriptBuildPhase;
			buildActionMask = 2147483647;
			files = (
			);
			inputFileListPaths = (
			);
			inputPaths = (
				"${PODS_PODFILE_DIR_PATH}/Podfile.lock",
				"${PODS_ROOT}/Manifest.lock",
			);
			name = "[CP] Check Pods Manifest.lock";
			outputFileListPaths = (
			);
			outputPaths = (
				"$(DERIVED_FILE_DIR)/Pods-Agrizar-informes-checkManifestLockResult.txt",
			);
			runOnlyForDeploymentPostprocessing = 0;
			shellPath = /bin/sh;
			shellScript = "diff \"${PODS_PODFILE_DIR_PATH}/Podfile.lock\" \"${PODS_ROOT}/Manifest.lock\" > /dev/null\nif [ $? != 0 ] ; then\n    # print error to STDERR\n    echo \"error: The sandbox is not in sync with the Podfile.lock. Run 'pod install' or update your CocoaPods installation.\" >&2\n    exit 1\nfi\n# This output is used by Xcode 'outputs' to avoid re-running this script phase.\necho \"SUCCESS\" > \"${SCRIPT_OUTPUT_FILE_0}\"\n";
			showEnvVarsInLog = 0;
		};
/* End PBXShellScriptBuildPhase section */

/* Begin PBXSourcesBuildPhase section */
		1A6E0AEB285900B000509678 /* Sources */ = {
			isa = PBXSourcesBuildPhase;
			buildActionMask = 2147483647;
			files = (
				1A6E0AF7285900B000509678 /* ViewController.swift in Sources */,
				1A666FA72860D0E8008EDB85 /* InvernaderosViewController.swift in Sources */,
				1A6E0AF3285900B000509678 /* AppDelegate.swift in Sources */,
				1A8EE68428931B0E006F05B4 /* GraficasPimientoViewController.swift in Sources */,
				1A9769BC285A5B07002CE7E5 /* GraficasViewController.swift in Sources */,
				1A6E0AF5285900B000509678 /* SceneDelegate.swift in Sources */,
				1A8EE68628933F04006F05B4 /* GraficasPimientoColorViewController.swift in Sources */,
				1A0CD71728981E3B003B7324 /* InvernaderosPimientoViewController.swift in Sources */,
			);
			runOnlyForDeploymentPostprocessing = 0;
		};
/* End PBXSourcesBuildPhase section */

/* Begin PBXVariantGroup section */
		1A6E0AF8285900B000509678 /* Main.storyboard */ = {
			isa = PBXVariantGroup;
			children = (
				1A6E0AF9285900B000509678 /* Base */,
			);
			name = Main.storyboard;
			sourceTree = "<group>";
		};
		1A6E0AFD285900C200509678 /* LaunchScreen.storyboard */ = {
			isa = PBXVariantGroup;
			children = (
				1A6E0AFE285900C200509678 /* Base */,
			);
			name = LaunchScreen.storyboard;
			sourceTree = "<group>";
		};
/* End PBXVariantGroup section */

/* Begin XCBuildConfiguration section */
		1A6E0B01285900C200509678 /* Debug */ = {
			isa = XCBuildConfiguration;
			buildSettings = {
				ALWAYS_SEARCH_USER_PATHS = NO;
				CLANG_ANALYZER_NONNULL = YES;
				CLANG_ANALYZER_NUMBER_OBJECT_CONVERSION = YES_AGGRESSIVE;
				CLANG_CXX_LANGUAGE_STANDARD = "gnu++17";
				CLANG_ENABLE_MODULES = YES;
				CLANG_ENABLE_OBJC_ARC = YES;
				CLANG_ENABLE_OBJC_WEAK = YES;
				CLANG_WARN_BLOCK_CAPTURE_AUTORELEASING = YES;
				CLANG_WARN_BOOL_CONVERSION = YES;
				CLANG_WARN_COMMA = YES;
				CLANG_WARN_CONSTANT_CONVERSION = YES;
				CLANG_WARN_DEPRECATED_OBJC_IMPLEMENTATIONS = YES;
				CLANG_WARN_DIRECT_OBJC_ISA_USAGE = YES_ERROR;
				CLANG_WARN_DOCUMENTATION_COMMENTS = YES;
				CLANG_WARN_EMPTY_BODY = YES;
				CLANG_WARN_ENUM_CONVERSION = YES;
				CLANG_WARN_INFINITE_RECURSION = YES;
				CLANG_WARN_INT_CONVERSION = YES;
				CLANG_WARN_NON_LITERAL_NULL_CONVERSION = YES;
				CLANG_WARN_OBJC_IMPLICIT_RETAIN_SELF = YES;
				CLANG_WARN_OBJC_LITERAL_CONVERSION = YES;
				CLANG_WARN_OBJC_ROOT_CLASS = YES_ERROR;
				CLANG_WARN_QUOTED_INCLUDE_IN_FRAMEWORK_HEADER = YES;
				CLANG_WARN_RANGE_LOOP_ANALYSIS = YES;
				CLANG_WARN_STRICT_PROTOTYPES = YES;
				CLANG_WARN_SUSPICIOUS_MOVE = YES;
				CLANG_WARN_UNGUARDED_AVAILABILITY = YES_AGGRESSIVE;
				CLANG_WARN_UNREACHABLE_CODE = YES;
				CLANG_WARN__DUPLICATE_METHOD_MATCH = YES;
				COPY_PHASE_STRIP = NO;
				DEBUG_INFORMATION_FORMAT = dwarf;
				ENABLE_STRICT_OBJC_MSGSEND = YES;
				ENABLE_TESTABILITY = YES;
				GCC_C_LANGUAGE_STANDARD = gnu11;
				GCC_DYNAMIC_NO_PIC = NO;
				GCC_NO_COMMON_BLOCKS = YES;
				GCC_OPTIMIZATION_LEVEL = 0;
				GCC_PREPROCESSOR_DEFINITIONS = (
					"DEBUG=1",
					"$(inherited)",
				);
				GCC_WARN_64_TO_32_BIT_CONVERSION = YES;
				GCC_WARN_ABOUT_RETURN_TYPE = YES_ERROR;
				GCC_WARN_UNDECLARED_SELECTOR = YES;
				GCC_WARN_UNINITIALIZED_AUTOS = YES_AGGRESSIVE;
				GCC_WARN_UNUSED_FUNCTION = YES;
				GCC_WARN_UNUSED_VARIABLE = YES;
				IPHONEOS_DEPLOYMENT_TARGET = 15.4;
				MTL_ENABLE_DEBUG_INFO = INCLUDE_SOURCE;
				MTL_FAST_MATH = YES;
				ONLY_ACTIVE_ARCH = YES;
				SDKROOT = iphoneos;
				SWIFT_ACTIVE_COMPILATION_CONDITIONS = DEBUG;
				SWIFT_OPTIMIZATION_LEVEL = "-Onone";
			};
			name = Debug;
		};
		1A6E0B02285900C200509678 /* Release */ = {
			isa = XCBuildConfiguration;
			buildSettings = {
				ALWAYS_SEARCH_USER_PATHS = NO;
				CLANG_ANALYZER_NONNULL = YES;
				CLANG_ANALYZER_NUMBER_OBJECT_CONVERSION = YES_AGGRESSIVE;
				CLANG_CXX_LANGUAGE_STANDARD = "gnu++17";
				CLANG_ENABLE_MODULES = YES;
				CLANG_ENABLE_OBJC_ARC = YES;
				CLANG_ENABLE_OBJC_WEAK = YES;
				CLANG_WARN_BLOCK_CAPTURE_AUTORELEASING = YES;
				CLANG_WARN_BOOL_CONVERSION = YES;
				CLANG_WARN_COMMA = YES;
				CLANG_WARN_CONSTANT_CONVERSION = YES;
				CLANG_WARN_DEPRECATED_OBJC_IMPLEMENTATIONS = YES;
				CLANG_WARN_DIRECT_OBJC_ISA_USAGE = YES_ERROR;
				CLANG_WARN_DOCUMENTATION_COMMENTS = YES;
				CLANG_WARN_EMPTY_BODY = YES;
				CLANG_WARN_ENUM_CONVERSION = YES;
				CLANG_WARN_INFINITE_RECURSION = YES;
				CLANG_WARN_INT_CONVERSION = YES;
				CLANG_WARN_NON_LITERAL_NULL_CONVERSION = YES;
				CLANG_WARN_OBJC_IMPLICIT_RETAIN_SELF = YES;
				CLANG_WARN_OBJC_LITERAL_CONVERSION = YES;
				CLANG_WARN_OBJC_ROOT_CLASS = YES_ERROR;
				CLANG_WARN_QUOTED_INCLUDE_IN_FRAMEWORK_HEADER = YES;
				CLANG_WARN_RANGE_LOOP_ANALYSIS = YES;
				CLANG_WARN_STRICT_PROTOTYPES = YES;
				CLANG_WARN_SUSPICIOUS_MOVE = YES;
				CLANG_WARN_UNGUARDED_AVAILABILITY = YES_AGGRESSIVE;
				CLANG_WARN_UNREACHABLE_CODE = YES;
				CLANG_WARN__DUPLICATE_METHOD_MATCH = YES;
				COPY_PHASE_STRIP = NO;
				DEBUG_INFORMATION_FORMAT = "dwarf-with-dsym";
				ENABLE_NS_ASSERTIONS = NO;
				ENABLE_STRICT_OBJC_MSGSEND = YES;
				GCC_C_LANGUAGE_STANDARD = gnu11;
				GCC_NO_COMMON_BLOCKS = YES;
				GCC_WARN_64_TO_32_BIT_CONVERSION = YES;
				GCC_WARN_ABOUT_RETURN_TYPE = YES_ERROR;
				GCC_WARN_UNDECLARED_SELECTOR = YES;
				GCC_WARN_UNINITIALIZED_AUTOS = YES_AGGRESSIVE;
				GCC_WARN_UNUSED_FUNCTION = YES;
				GCC_WARN_UNUSED_VARIABLE = YES;
				IPHONEOS_DEPLOYMENT_TARGET = 15.4;
				MTL_ENABLE_DEBUG_INFO = NO;
				MTL_FAST_MATH = YES;
				SDKROOT = iphoneos;
				SWIFT_COMPILATION_MODE = wholemodule;
				SWIFT_OPTIMIZATION_LEVEL = "-O";
				VALIDATE_PRODUCT = YES;
			};
			name = Release;
		};
		1A6E0B04285900C200509678 /* Debug */ = {
			isa = XCBuildConfiguration;
			baseConfigurationReference = 81AA53BFA8FFC2C71402CAC9 /* Pods-Agrizar-informes.debug.xcconfig */;
			buildSettings = {
				ASSETCATALOG_COMPILER_APPICON_NAME = AppIcon;
				ASSETCATALOG_COMPILER_GLOBAL_ACCENT_COLOR_NAME = AccentColor;
				CODE_SIGN_STYLE = Automatic;
				CURRENT_PROJECT_VERSION = 1;
				DEVELOPMENT_TEAM = 3PBH2WG79X;
				GENERATE_INFOPLIST_FILE = YES;
				INFOPLIST_FILE = "Agrizar-informes/Info.plist";
				INFOPLIST_KEY_UIApplicationSupportsIndirectInputEvents = YES;
				INFOPLIST_KEY_UILaunchStoryboardName = LaunchScreen;
				INFOPLIST_KEY_UIMainStoryboardFile = Main;
				INFOPLIST_KEY_UISupportedInterfaceOrientations = UIInterfaceOrientationPortrait;
				INFOPLIST_KEY_UISupportedInterfaceOrientations_iPad = "UIInterfaceOrientationPortrait UIInterfaceOrientationPortraitUpsideDown UIInterfaceOrientationLandscapeLeft UIInterfaceOrientationLandscapeRight";
				INFOPLIST_KEY_UISupportedInterfaceOrientations_iPhone = UIInterfaceOrientationPortrait;
				IPHONEOS_DEPLOYMENT_TARGET = 15.0;
				LD_RUNPATH_SEARCH_PATHS = (
					"$(inherited)",
					"@executable_path/Frameworks",
				);
				MARKETING_VERSION = 1.0;
				PRODUCT_BUNDLE_IDENTIFIER = "com.agrizar.Agrizar-informes";
				PRODUCT_NAME = "$(TARGET_NAME)";
				SWIFT_EMIT_LOC_STRINGS = YES;
				SWIFT_VERSION = 5.0;
				TARGETED_DEVICE_FAMILY = "1,2";
			};
			name = Debug;
		};
		1A6E0B05285900C200509678 /* Release */ = {
			isa = XCBuildConfiguration;
			baseConfigurationReference = DF13040233A8953ABEBCBCC6 /* Pods-Agrizar-informes.release.xcconfig */;
			buildSettings = {
				ASSETCATALOG_COMPILER_APPICON_NAME = AppIcon;
				ASSETCATALOG_COMPILER_GLOBAL_ACCENT_COLOR_NAME = AccentColor;
				CODE_SIGN_STYLE = Automatic;
				CURRENT_PROJECT_VERSION = 1;
				DEVELOPMENT_TEAM = 3PBH2WG79X;
				GENERATE_INFOPLIST_FILE = YES;
				INFOPLIST_FILE = "Agrizar-informes/Info.plist";
				INFOPLIST_KEY_UIApplicationSupportsIndirectInputEvents = YES;
				INFOPLIST_KEY_UILaunchStoryboardName = LaunchScreen;
				INFOPLIST_KEY_UIMainStoryboardFile = Main;
				INFOPLIST_KEY_UISupportedInterfaceOrientations = UIInterfaceOrientationPortrait;
				INFOPLIST_KEY_UISupportedInterfaceOrientations_iPad = "UIInterfaceOrientationPortrait UIInterfaceOrientationPortraitUpsideDown UIInterfaceOrientationLandscapeLeft UIInterfaceOrientationLandscapeRight";
				INFOPLIST_KEY_UISupportedInterfaceOrientations_iPhone = UIInterfaceOrientationPortrait;
				IPHONEOS_DEPLOYMENT_TARGET = 15.0;
				LD_RUNPATH_SEARCH_PATHS = (
					"$(inherited)",
					"@executable_path/Frameworks",
				);
				MARKETING_VERSION = 1.0;
				PRODUCT_BUNDLE_IDENTIFIER = "com.agrizar.Agrizar-informes";
				PRODUCT_NAME = "$(TARGET_NAME)";
				SWIFT_EMIT_LOC_STRINGS = YES;
				SWIFT_VERSION = 5.0;
				TARGETED_DEVICE_FAMILY = "1,2";
			};
			name = Release;
		};
/* End XCBuildConfiguration section */

/* Begin XCConfigurationList section */
		1A6E0AEA285900AF00509678 /* Build configuration list for PBXProject "Agrizar-informes" */ = {
			isa = XCConfigurationList;
			buildConfigurations = (
				1A6E0B01285900C200509678 /* Debug */,
				1A6E0B02285900C200509678 /* Release */,
			);
			defaultConfigurationIsVisible = 0;
			defaultConfigurationName = Release;
		};
		1A6E0B03285900C200509678 /* Build configuration list for PBXNativeTarget "Agrizar-informes" */ = {
			isa = XCConfigurationList;
			buildConfigurations = (
				1A6E0B04285900C200509678 /* Debug */,
				1A6E0B05285900C200509678 /* Release */,
			);
			defaultConfigurationIsVisible = 0;
			defaultConfigurationName = Release;
		};
/* End XCConfigurationList section */
	};
	rootObject = 1A6E0AE7285900AF00509678 /* Project object */;
}
